// !$*UTF8*$!
{
	archiveVersion = 1;
	classes = {
	};
	objectVersion = 50;
	objects = {

/* Begin PBXBuildFile section */
		1AF51A272367A15D00CF6476 /* AppDelegate.swift in Sources */ = {isa = PBXBuildFile; fileRef = 1AF51A262367A15D00CF6476 /* AppDelegate.swift */; };
		1AF51A292367A15D00CF6476 /* SceneDelegate.swift in Sources */ = {isa = PBXBuildFile; fileRef = 1AF51A282367A15D00CF6476 /* SceneDelegate.swift */; };
		1AF51A2B2367A15D00CF6476 /* ContentView.swift in Sources */ = {isa = PBXBuildFile; fileRef = 1AF51A2A2367A15D00CF6476 /* ContentView.swift */; };
		1AF51A2D2367A15E00CF6476 /* Assets.xcassets in Resources */ = {isa = PBXBuildFile; fileRef = 1AF51A2C2367A15E00CF6476 /* Assets.xcassets */; };
		1AF51A302367A15F00CF6476 /* Preview Assets.xcassets in Resources */ = {isa = PBXBuildFile; fileRef = 1AF51A2F2367A15F00CF6476 /* Preview Assets.xcassets */; };
		1AF51A332367A15F00CF6476 /* LaunchScreen.storyboard in Resources */ = {isa = PBXBuildFile; fileRef = 1AF51A312367A15F00CF6476 /* LaunchScreen.storyboard */; };
		1AF51A3E2367A15F00CF6476 /* AppleTests.swift in Sources */ = {isa = PBXBuildFile; fileRef = 1AF51A3D2367A15F00CF6476 /* AppleTests.swift */; };
		1AF51A492367A15F00CF6476 /* AppleUITests.swift in Sources */ = {isa = PBXBuildFile; fileRef = 1AF51A482367A15F00CF6476 /* AppleUITests.swift */; };
/* End PBXBuildFile section */

/* Begin PBXContainerItemProxy section */
		1AF51A3A2367A15F00CF6476 /* PBXContainerItemProxy */ = {
			isa = PBXContainerItemProxy;
			containerPortal = 1AF51A1B2367A15D00CF6476 /* Project object */;
			proxyType = 1;
			remoteGlobalIDString = 1AF51A222367A15D00CF6476;
			remoteInfo = Apple;
		};
		1AF51A452367A15F00CF6476 /* PBXContainerItemProxy */ = {
			isa = PBXContainerItemProxy;
			containerPortal = 1AF51A1B2367A15D00CF6476 /* Project object */;
			proxyType = 1;
			remoteGlobalIDString = 1AF51A222367A15D00CF6476;
			remoteInfo = Apple;
		};
/* End PBXContainerItemProxy section */

/* Begin PBXFileReference section */
		1AF51A232367A15D00CF6476 /* Apple.app */ = {isa = PBXFileReference; explicitFileType = wrapper.application; includeInIndex = 0; path = Apple.app; sourceTree = BUILT_PRODUCTS_DIR; };
		1AF51A262367A15D00CF6476 /* AppDelegate.swift */ = {isa = PBXFileReference; lastKnownFileType = sourcecode.swift; path = AppDelegate.swift; sourceTree = "<group>"; };
		1AF51A282367A15D00CF6476 /* SceneDelegate.swift */ = {isa = PBXFileReference; lastKnownFileType = sourcecode.swift; path = SceneDelegate.swift; sourceTree = "<group>"; };
		1AF51A2A2367A15D00CF6476 /* ContentView.swift */ = {isa = PBXFileReference; lastKnownFileType = sourcecode.swift; path = ContentView.swift; sourceTree = "<group>"; };
		1AF51A2C2367A15E00CF6476 /* Assets.xcassets */ = {isa = PBXFileReference; lastKnownFileType = folder.assetcatalog; path = Assets.xcassets; sourceTree = "<group>"; };
		1AF51A2F2367A15F00CF6476 /* Preview Assets.xcassets */ = {isa = PBXFileReference; lastKnownFileType = folder.assetcatalog; path = "Preview Assets.xcassets"; sourceTree = "<group>"; };
		1AF51A322367A15F00CF6476 /* Base */ = {isa = PBXFileReference; lastKnownFileType = file.storyboard; name = Base; path = Base.lproj/LaunchScreen.storyboard; sourceTree = "<group>"; };
		1AF51A342367A15F00CF6476 /* Info.plist */ = {isa = PBXFileReference; lastKnownFileType = text.plist.xml; path = Info.plist; sourceTree = "<group>"; };
		1AF51A392367A15F00CF6476 /* AppleTests.xctest */ = {isa = PBXFileReference; explicitFileType = wrapper.cfbundle; includeInIndex = 0; path = AppleTests.xctest; sourceTree = BUILT_PRODUCTS_DIR; };
		1AF51A3D2367A15F00CF6476 /* AppleTests.swift */ = {isa = PBXFileReference; lastKnownFileType = sourcecode.swift; path = AppleTests.swift; sourceTree = "<group>"; };
		1AF51A3F2367A15F00CF6476 /* Info.plist */ = {isa = PBXFileReference; lastKnownFileType = text.plist.xml; path = Info.plist; sourceTree = "<group>"; };
		1AF51A442367A15F00CF6476 /* AppleUITests.xctest */ = {isa = PBXFileReference; explicitFileType = wrapper.cfbundle; includeInIndex = 0; path = AppleUITests.xctest; sourceTree = BUILT_PRODUCTS_DIR; };
		1AF51A482367A15F00CF6476 /* AppleUITests.swift */ = {isa = PBXFileReference; lastKnownFileType = sourcecode.swift; path = AppleUITests.swift; sourceTree = "<group>"; };
		1AF51A4A2367A15F00CF6476 /* Info.plist */ = {isa = PBXFileReference; lastKnownFileType = text.plist.xml; path = Info.plist; sourceTree = "<group>"; };
/* End PBXFileReference section */

/* Begin PBXFrameworksBuildPhase section */
		1AF51A202367A15D00CF6476 /* Frameworks */ = {
			isa = PBXFrameworksBuildPhase;
			buildActionMask = 2147483647;
			files = (
			);
			runOnlyForDeploymentPostprocessing = 0;
		};
		1AF51A362367A15F00CF6476 /* Frameworks */ = {
			isa = PBXFrameworksBuildPhase;
			buildActionMask = 2147483647;
			files = (
			);
			runOnlyForDeploymentPostprocessing = 0;
		};
		1AF51A412367A15F00CF6476 /* Frameworks */ = {
			isa = PBXFrameworksBuildPhase;
			buildActionMask = 2147483647;
			files = (
			);
			runOnlyForDeploymentPostprocessing = 0;
		};
/* End PBXFrameworksBuildPhase section */

/* Begin PBXGroup section */
		1AF51A1A2367A15D00CF6476 = {
			isa = PBXGroup;
			children = (
				1AF51A252367A15D00CF6476 /* Apple */,
				1AF51A3C2367A15F00CF6476 /* AppleTests */,
				1AF51A472367A15F00CF6476 /* AppleUITests */,
				1AF51A242367A15D00CF6476 /* Products */,
			);
			sourceTree = "<group>";
		};
		1AF51A242367A15D00CF6476 /* Products */ = {
			isa = PBXGroup;
			children = (
				1AF51A232367A15D00CF6476 /* Apple.app */,
				1AF51A392367A15F00CF6476 /* AppleTests.xctest */,
				1AF51A442367A15F00CF6476 /* AppleUITests.xctest */,
			);
			name = Products;
			sourceTree = "<group>";
		};
		1AF51A252367A15D00CF6476 /* Apple */ = {
			isa = PBXGroup;
			children = (
				1AF51A262367A15D00CF6476 /* AppDelegate.swift */,
				1AF51A282367A15D00CF6476 /* SceneDelegate.swift */,
				1AF51A2A2367A15D00CF6476 /* ContentView.swift */,
				1AF51A2C2367A15E00CF6476 /* Assets.xcassets */,
				1AF51A312367A15F00CF6476 /* LaunchScreen.storyboard */,
				1AF51A342367A15F00CF6476 /* Info.plist */,
				1AF51A2E2367A15F00CF6476 /* Preview Content */,
			);
			path = Apple;
			sourceTree = "<group>";
		};
		1AF51A2E2367A15F00CF6476 /* Preview Content */ = {
			isa = PBXGroup;
			children = (
				1AF51A2F2367A15F00CF6476 /* Preview Assets.xcassets */,
			);
			path = "Preview Content";
			sourceTree = "<group>";
		};
		1AF51A3C2367A15F00CF6476 /* AppleTests */ = {
			isa = PBXGroup;
			children = (
				1AF51A3D2367A15F00CF6476 /* AppleTests.swift */,
				1AF51A3F2367A15F00CF6476 /* Info.plist */,
			);
			path = AppleTests;
			sourceTree = "<group>";
		};
		1AF51A472367A15F00CF6476 /* AppleUITests */ = {
			isa = PBXGroup;
			children = (
				1AF51A482367A15F00CF6476 /* AppleUITests.swift */,
				1AF51A4A2367A15F00CF6476 /* Info.plist */,
			);
			path = AppleUITests;
			sourceTree = "<group>";
		};
/* End PBXGroup section */

/* Begin PBXNativeTarget section */
		1AF51A222367A15D00CF6476 /* Apple */ = {
			isa = PBXNativeTarget;
			buildConfigurationList = 1AF51A4D2367A15F00CF6476 /* Build configuration list for PBXNativeTarget "Apple" */;
			buildPhases = (
				1AF51A1F2367A15D00CF6476 /* Sources */,
				1AF51A202367A15D00CF6476 /* Frameworks */,
				1AF51A212367A15D00CF6476 /* Resources */,
			);
			buildRules = (
			);
			dependencies = (
			);
			name = Apple;
			productName = Apple;
			productReference = 1AF51A232367A15D00CF6476 /* Apple.app */;
			productType = "com.apple.product-type.application";
		};
		1AF51A382367A15F00CF6476 /* AppleTests */ = {
			isa = PBXNativeTarget;
			buildConfigurationList = 1AF51A502367A15F00CF6476 /* Build configuration list for PBXNativeTarget "AppleTests" */;
			buildPhases = (
				1AF51A352367A15F00CF6476 /* Sources */,
				1AF51A362367A15F00CF6476 /* Frameworks */,
				1AF51A372367A15F00CF6476 /* Resources */,
			);
			buildRules = (
			);
			dependencies = (
				1AF51A3B2367A15F00CF6476 /* PBXTargetDependency */,
			);
			name = AppleTests;
			productName = AppleTests;
			productReference = 1AF51A392367A15F00CF6476 /* AppleTests.xctest */;
			productType = "com.apple.product-type.bundle.unit-test";
		};
		1AF51A432367A15F00CF6476 /* AppleUITests */ = {
			isa = PBXNativeTarget;
			buildConfigurationList = 1AF51A532367A15F00CF6476 /* Build configuration list for PBXNativeTarget "AppleUITests" */;
			buildPhases = (
				1AF51A402367A15F00CF6476 /* Sources */,
				1AF51A412367A15F00CF6476 /* Frameworks */,
				1AF51A422367A15F00CF6476 /* Resources */,
			);
			buildRules = (
			);
			dependencies = (
				1AF51A462367A15F00CF6476 /* PBXTargetDependency */,
			);
			name = AppleUITests;
			productName = AppleUITests;
			productReference = 1AF51A442367A15F00CF6476 /* AppleUITests.xctest */;
			productType = "com.apple.product-type.bundle.ui-testing";
		};
/* End PBXNativeTarget section */

/* Begin PBXProject section */
		1AF51A1B2367A15D00CF6476 /* Project object */ = {
			isa = PBXProject;
			attributes = {
				LastSwiftUpdateCheck = 1110;
				LastUpgradeCheck = 1110;
				ORGANIZATIONNAME = MacStudent;
				TargetAttributes = {
					1AF51A222367A15D00CF6476 = {
						CreatedOnToolsVersion = 11.1;
					};
					1AF51A382367A15F00CF6476 = {
						CreatedOnToolsVersion = 11.1;
						TestTargetID = 1AF51A222367A15D00CF6476;
					};
					1AF51A432367A15F00CF6476 = {
						CreatedOnToolsVersion = 11.1;
						TestTargetID = 1AF51A222367A15D00CF6476;
					};
				};
			};
			buildConfigurationList = 1AF51A1E2367A15D00CF6476 /* Build configuration list for PBXProject "Apple" */;
			compatibilityVersion = "Xcode 9.3";
			developmentRegion = en;
			hasScannedForEncodings = 0;
			knownRegions = (
				en,
				Base,
			);
			mainGroup = 1AF51A1A2367A15D00CF6476;
			productRefGroup = 1AF51A242367A15D00CF6476 /* Products */;
			projectDirPath = "";
			projectRoot = "";
			targets = (
				1AF51A222367A15D00CF6476 /* Apple */,
				1AF51A382367A15F00CF6476 /* AppleTests */,
				1AF51A432367A15F00CF6476 /* AppleUITests */,
			);
		};
/* End PBXProject section */

/* Begin PBXResourcesBuildPhase section */
		1AF51A212367A15D00CF6476 /* Resources */ = {
			isa = PBXResourcesBuildPhase;
			buildActionMask = 2147483647;
			files = (
				1AF51A332367A15F00CF6476 /* LaunchScreen.storyboard in Resources */,
				1AF51A302367A15F00CF6476 /* Preview Assets.xcassets in Resources */,
				1AF51A2D2367A15E00CF6476 /* Assets.xcassets in Resources */,
			);
			runOnlyForDeploymentPostprocessing = 0;
		};
		1AF51A372367A15F00CF6476 /* Resources */ = {
			isa = PBXResourcesBuildPhase;
			buildActionMask = 2147483647;
			files = (
			);
			runOnlyForDeploymentPostprocessing = 0;
		};
		1AF51A422367A15F00CF6476 /* Resources */ = {
			isa = PBXResourcesBuildPhase;
			buildActionMask = 2147483647;
			files = (
			);
			runOnlyForDeploymentPostprocessing = 0;
		};
/* End PBXResourcesBuildPhase section */

/* Begin PBXSourcesBuildPhase section */
		1AF51A1F2367A15D00CF6476 /* Sources */ = {
			isa = PBXSourcesBuildPhase;
			buildActionMask = 2147483647;
			files = (
				1AF51A272367A15D00CF6476 /* AppDelegate.swift in Sources */,
				1AF51A292367A15D00CF6476 /* SceneDelegate.swift in Sources */,
				1AF51A2B2367A15D00CF6476 /* ContentView.swift in Sources */,
			);
			runOnlyForDeploymentPostprocessing = 0;
		};
		1AF51A352367A15F00CF6476 /* Sources */ = {
			isa = PBXSourcesBuildPhase;
			buildActionMask = 2147483647;
			files = (
				1AF51A3E2367A15F00CF6476 /* AppleTests.swift in Sources */,
			);
			runOnlyForDeploymentPostprocessing = 0;
		};
		1AF51A402367A15F00CF6476 /* Sources */ = {
			isa = PBXSourcesBuildPhase;
			buildActionMask = 2147483647;
			files = (
				1AF51A492367A15F00CF6476 /* AppleUITests.swift in Sources */,
			);
			runOnlyForDeploymentPostprocessing = 0;
		};
/* End PBXSourcesBuildPhase section */

/* Begin PBXTargetDependency section */
		1AF51A3B2367A15F00CF6476 /* PBXTargetDependency */ = {
			isa = PBXTargetDependency;
			target = 1AF51A222367A15D00CF6476 /* Apple */;
			targetProxy = 1AF51A3A2367A15F00CF6476 /* PBXContainerItemProxy */;
		};
		1AF51A462367A15F00CF6476 /* PBXTargetDependency */ = {
			isa = PBXTargetDependency;
			target = 1AF51A222367A15D00CF6476 /* Apple */;
			targetProxy = 1AF51A452367A15F00CF6476 /* PBXContainerItemProxy */;
		};
/* End PBXTargetDependency section */

/* Begin PBXVariantGroup section */
		1AF51A312367A15F00CF6476 /* LaunchScreen.storyboard */ = {
			isa = PBXVariantGroup;
			children = (
				1AF51A322367A15F00CF6476 /* Base */,
			);
			name = LaunchScreen.storyboard;
			sourceTree = "<group>";
		};
/* End PBXVariantGroup section */

/* Begin XCBuildConfiguration section */
		1AF51A4B2367A15F00CF6476 /* Debug */ = {
			isa = XCBuildConfiguration;
			buildSettings = {
				ALWAYS_SEARCH_USER_PATHS = NO;
				CLANG_ANALYZER_NONNULL = YES;
				CLANG_ANALYZER_NUMBER_OBJECT_CONVERSION = YES_AGGRESSIVE;
				CLANG_CXX_LANGUAGE_STANDARD = "gnu++14";
				CLANG_CXX_LIBRARY = "libc++";
				CLANG_ENABLE_MODULES = YES;
				CLANG_ENABLE_OBJC_ARC = YES;
				CLANG_ENABLE_OBJC_WEAK = YES;
				CLANG_WARN_BLOCK_CAPTURE_AUTORELEASING = YES;
				CLANG_WARN_BOOL_CONVERSION = YES;
				CLANG_WARN_COMMA = YES;
				CLANG_WARN_CONSTANT_CONVERSION = YES;
				CLANG_WARN_DEPRECATED_OBJC_IMPLEMENTATIONS = YES;
				CLANG_WARN_DIRECT_OBJC_ISA_USAGE = YES_ERROR;
				CLANG_WARN_DOCUMENTATION_COMMENTS = YES;
				CLANG_WARN_EMPTY_BODY = YES;
				CLANG_WARN_ENUM_CONVERSION = YES;
				CLANG_WARN_INFINITE_RECURSION = YES;
				CLANG_WARN_INT_CONVERSION = YES;
				CLANG_WARN_NON_LITERAL_NULL_CONVERSION = YES;
				CLANG_WARN_OBJC_IMPLICIT_RETAIN_SELF = YES;
				CLANG_WARN_OBJC_LITERAL_CONVERSION = YES;
				CLANG_WARN_OBJC_ROOT_CLASS = YES_ERROR;
				CLANG_WARN_RANGE_LOOP_ANALYSIS = YES;
				CLANG_WARN_STRICT_PROTOTYPES = YES;
				CLANG_WARN_SUSPICIOUS_MOVE = YES;
				CLANG_WARN_UNGUARDED_AVAILABILITY = YES_AGGRESSIVE;
				CLANG_WARN_UNREACHABLE_CODE = YES;
				CLANG_WARN__DUPLICATE_METHOD_MATCH = YES;
				COPY_PHASE_STRIP = NO;
				DEBUG_INFORMATION_FORMAT = dwarf;
				ENABLE_STRICT_OBJC_MSGSEND = YES;
				ENABLE_TESTABILITY = YES;
				GCC_C_LANGUAGE_STANDARD = gnu11;
				GCC_DYNAMIC_NO_PIC = NO;
				GCC_NO_COMMON_BLOCKS = YES;
				GCC_OPTIMIZATION_LEVEL = 0;
				GCC_PREPROCESSOR_DEFINITIONS = (
					"DEBUG=1",
					"$(inherited)",
				);
				GCC_WARN_64_TO_32_BIT_CONVERSION = YES;
				GCC_WARN_ABOUT_RETURN_TYPE = YES_ERROR;
				GCC_WARN_UNDECLARED_SELECTOR = YES;
				GCC_WARN_UNINITIALIZED_AUTOS = YES_AGGRESSIVE;
				GCC_WARN_UNUSED_FUNCTION = YES;
				GCC_WARN_UNUSED_VARIABLE = YES;
				IPHONEOS_DEPLOYMENT_TARGET = 13.1;
				MTL_ENABLE_DEBUG_INFO = INCLUDE_SOURCE;
				MTL_FAST_MATH = YES;
				ONLY_ACTIVE_ARCH = YES;
				SDKROOT = iphoneos;
				SWIFT_ACTIVE_COMPILATION_CONDITIONS = DEBUG;
				SWIFT_OPTIMIZATION_LEVEL = "-Onone";
			};
			name = Debug;
		};
		1AF51A4C2367A15F00CF6476 /* Release */ = {
			isa = XCBuildConfiguration;
			buildSettings = {
				ALWAYS_SEARCH_USER_PATHS = NO;
				CLANG_ANALYZER_NONNULL = YES;
				CLANG_ANALYZER_NUMBER_OBJECT_CONVERSION = YES_AGGRESSIVE;
				CLANG_CXX_LANGUAGE_STANDARD = "gnu++14";
				CLANG_CXX_LIBRARY = "libc++";
				CLANG_ENABLE_MODULES = YES;
				CLANG_ENABLE_OBJC_ARC = YES;
				CLANG_ENABLE_OBJC_WEAK = YES;
				CLANG_WARN_BLOCK_CAPTURE_AUTORELEASING = YES;
				CLANG_WARN_BOOL_CONVERSION = YES;
				CLANG_WARN_COMMA = YES;
				CLANG_WARN_CONSTANT_CONVERSION = YES;
				CLANG_WARN_DEPRECATED_OBJC_IMPLEMENTATIONS = YES;
				CLANG_WARN_DIRECT_OBJC_ISA_USAGE = YES_ERROR;
				CLANG_WARN_DOCUMENTATION_COMMENTS = YES;
				CLANG_WARN_EMPTY_BODY = YES;
				CLANG_WARN_ENUM_CONVERSION = YES;
				CLANG_WARN_INFINITE_RECURSION = YES;
				CLANG_WARN_INT_CONVERSION = YES;
				CLANG_WARN_NON_LITERAL_NULL_CONVERSION = YES;
				CLANG_WARN_OBJC_IMPLICIT_RETAIN_SELF = YES;
				CLANG_WARN_OBJC_LITERAL_CONVERSION = YES;
				CLANG_WARN_OBJC_ROOT_CLASS = YES_ERROR;
				CLANG_WARN_RANGE_LOOP_ANALYSIS = YES;
				CLANG_WARN_STRICT_PROTOTYPES = YES;
				CLANG_WARN_SUSPICIOUS_MOVE = YES;
				CLANG_WARN_UNGUARDED_AVAILABILITY = YES_AGGRESSIVE;
				CLANG_WARN_UNREACHABLE_CODE = YES;
				CLANG_WARN__DUPLICATE_METHOD_MATCH = YES;
				COPY_PHASE_STRIP = NO;
				DEBUG_INFORMATION_FORMAT = "dwarf-with-dsym";
				ENABLE_NS_ASSERTIONS = NO;
				ENABLE_STRICT_OBJC_MSGSEND = YES;
				GCC_C_LANGUAGE_STANDARD = gnu11;
				GCC_NO_COMMON_BLOCKS = YES;
				GCC_WARN_64_TO_32_BIT_CONVERSION = YES;
				GCC_WARN_ABOUT_RETURN_TYPE = YES_ERROR;
				GCC_WARN_UNDECLARED_SELECTOR = YES;
				GCC_WARN_UNINITIALIZED_AUTOS = YES_AGGRESSIVE;
				GCC_WARN_UNUSED_FUNCTION = YES;
				GCC_WARN_UNUSED_VARIABLE = YES;
				IPHONEOS_DEPLOYMENT_TARGET = 13.1;
				MTL_ENABLE_DEBUG_INFO = NO;
				MTL_FAST_MATH = YES;
				SDKROOT = iphoneos;
				SWIFT_COMPILATION_MODE = wholemodule;
				SWIFT_OPTIMIZATION_LEVEL = "-O";
				VALIDATE_PRODUCT = YES;
			};
			name = Release;
		};
		1AF51A4E2367A15F00CF6476 /* Debug */ = {
			isa = XCBuildConfiguration;
			buildSettings = {
				ASSETCATALOG_COMPILER_APPICON_NAME = AppIcon;
				CODE_SIGN_STYLE = Automatic;
				DEVELOPMENT_ASSET_PATHS = "\"Apple/Preview Content\"";
				ENABLE_PREVIEWS = YES;
				INFOPLIST_FILE = Apple/Info.plist;
				LD_RUNPATH_SEARCH_PATHS = (
					"$(inherited)",
					"@executable_path/Frameworks",
				);
				PRODUCT_BUNDLE_IDENTIFIER = MADT.Apple;
				PRODUCT_NAME = "$(TARGET_NAME)";
				SWIFT_VERSION = 5.0;
				TARGETED_DEVICE_FAMILY = "1,2";
			};
			name = Debug;
		};
		1AF51A4F2367A15F00CF6476 /* Release */ = {
			isa = XCBuildConfiguration;
			buildSettings = {
				ASSETCATALOG_COMPILER_APPICON_NAME = AppIcon;
				CODE_SIGN_STYLE = Automatic;
				DEVELOPMENT_ASSET_PATHS = "\"Apple/Preview Content\"";
				ENABLE_PREVIEWS = YES;
				INFOPLIST_FILE = Apple/Info.plist;
				LD_RUNPATH_SEARCH_PATHS = (
					"$(inherited)",
					"@executable_path/Frameworks",
				);
				PRODUCT_BUNDLE_IDENTIFIER = MADT.Apple;
				PRODUCT_NAME = "$(TARGET_NAME)";
				SWIFT_VERSION = 5.0;
				TARGETED_DEVICE_FAMILY = "1,2";
			};
			name = Release;
		};
		1AF51A512367A15F00CF6476 /* Debug */ = {
			isa = XCBuildConfiguration;
			buildSettings = {
				ALWAYS_EMBED_SWIFT_STANDARD_LIBRARIES = YES;
				BUNDLE_LOADER = "$(TEST_HOST)";
				CODE_SIGN_STYLE = Automatic;
				INFOPLIST_FILE = AppleTests/Info.plist;
				IPHONEOS_DEPLOYMENT_TARGET = 13.1;
				LD_RUNPATH_SEARCH_PATHS = (
					"$(inherited)",
					"@executable_path/Frameworks",
					"@loader_path/Frameworks",
				);
				PRODUCT_BUNDLE_IDENTIFIER = MADT.AppleTests;
				PRODUCT_NAME = "$(TARGET_NAME)";
				SWIFT_VERSION = 5.0;
				TARGETED_DEVICE_FAMILY = "1,2";
				TEST_HOST = "$(BUILT_PRODUCTS_DIR)/Apple.app/Apple";
			};
			name = Debug;
		};
		1AF51A522367A15F00CF6476 /* Release */ = {
			isa = XCBuildConfiguration;
			buildSettings = {
				ALWAYS_EMBED_SWIFT_STANDARD_LIBRARIES = YES;
				BUNDLE_LOADER = "$(TEST_HOST)";
				CODE_SIGN_STYLE = Automatic;
				INFOPLIST_FILE = AppleTests/Info.plist;
				IPHONEOS_DEPLOYMENT_TARGET = 13.1;
				LD_RUNPATH_SEARCH_PATHS = (
					"$(inherited)",
					"@executable_path/Frameworks",
					"@loader_path/Frameworks",
				);
				PRODUCT_BUNDLE_IDENTIFIER = MADT.AppleTests;
				PRODUCT_NAME = "$(TARGET_NAME)";
				SWIFT_VERSION = 5.0;
				TARGETED_DEVICE_FAMILY = "1,2";
				TEST_HOST = "$(BUILT_PRODUCTS_DIR)/Apple.app/Apple";
			};
			name = Release;
		};
		1AF51A542367A15F00CF6476 /* Debug */ = {
			isa = XCBuildConfiguration;
			buildSettings = {
				ALWAYS_EMBED_SWIFT_STANDARD_LIBRARIES = YES;
				CODE_SIGN_STYLE = Automatic;
				INFOPLIST_FILE = AppleUITests/Info.plist;
				LD_RUNPATH_SEARCH_PATHS = (
					"$(inherited)",
					"@executable_path/Frameworks",
					"@loader_path/Frameworks",
				);
				PRODUCT_BUNDLE_IDENTIFIER = MADT.AppleUITests;
				PRODUCT_NAME = "$(TARGET_NAME)";
				SWIFT_VERSION = 5.0;
				TARGETED_DEVICE_FAMILY = "1,2";
				TEST_TARGET_NAME = Apple;
			};
			name = Debug;
		};
		1AF51A552367A15F00CF6476 /* Release */ = {
			isa = XCBuildConfiguration;
			buildSettings = {
				ALWAYS_EMBED_SWIFT_STANDARD_LIBRARIES = YES;
				CODE_SIGN_STYLE = Automatic;
				INFOPLIST_FILE = AppleUITests/Info.plist;
				LD_RUNPATH_SEARCH_PATHS = (
					"$(inherited)",
					"@executable_path/Frameworks",
					"@loader_path/Frameworks",
				);
				PRODUCT_BUNDLE_IDENTIFIER = MADT.AppleUITests;
				PRODUCT_NAME = "$(TARGET_NAME)";
				SWIFT_VERSION = 5.0;
				TARGETED_DEVICE_FAMILY = "1,2";
				TEST_TARGET_NAME = Apple;
			};
			name = Release;
		};
/* End XCBuildConfiguration section */

/* Begin XCConfigurationList section */
		1AF51A1E2367A15D00CF6476 /* Build configuration list for PBXProject "Apple" */ = {
			isa = XCConfigurationList;
			buildConfigurations = (
				1AF51A4B2367A15F00CF6476 /* Debug */,
				1AF51A4C2367A15F00CF6476 /* Release */,
			);
			defaultConfigurationIsVisible = 0;
			defaultConfigurationName = Release;
		};
		1AF51A4D2367A15F00CF6476 /* Build configuration list for PBXNativeTarget "Apple" */ = {
			isa = XCConfigurationList;
			buildConfigurations = (
				1AF51A4E2367A15F00CF6476 /* Debug */,
				1AF51A4F2367A15F00CF6476 /* Release */,
			);
			defaultConfigurationIsVisible = 0;
			defaultConfigurationName = Release;
		};
		1AF51A502367A15F00CF6476 /* Build configuration list for PBXNativeTarget "AppleTests" */ = {
			isa = XCConfigurationList;
			buildConfigurations = (
				1AF51A512367A15F00CF6476 /* Debug */,
				1AF51A522367A15F00CF6476 /* Release */,
			);
			defaultConfigurationIsVisible = 0;
			defaultConfigurationName = Release;
		};
		1AF51A532367A15F00CF6476 /* Build configuration list for PBXNativeTarget "AppleUITests" */ = {
			isa = XCConfigurationList;
			buildConfigurations = (
				1AF51A542367A15F00CF6476 /* Debug */,
				1AF51A552367A15F00CF6476 /* Release */,
			);
			defaultConfigurationIsVisible = 0;
			defaultConfigurationName = Release;
		};
/* End XCConfigurationList section */
	};
	rootObject = 1AF51A1B2367A15D00CF6476 /* Project object */;
}
